
Microsoft Visual Studio Solution File, Format Version 12.00
# Visual Studio Version 16
VisualStudioVersion = 16.0.30320.27
MinimumVisualStudioVersion = 10.0.40219.1
Project("{FAE04EC0-301F-11D3-BF4B-00C04F79EFBC}") = "LinkedList", "LinkedList\LinkedList.csproj", "{FE3D1F0C-93B7-4953-9AB9-BA67376E684F}"
EndProject
Global
	GlobalSection(SolutionConfigurationPlatforms) = preSolution
		Debug|Any CPU = Debug|Any CPU
		Release|Any CPU = Release|Any CPU
	EndGlobalSection
	GlobalSection(ProjectConfigurationPlatforms) = postSolution
		{FE3D1F0C-93B7-4953-9AB9-BA67376E684F}.Debug|Any CPU.ActiveCfg = Debug|Any CPU
		{FE3D1F0C-93B7-4953-9AB9-BA67376E684F}.Debug|Any CPU.Build.0 = Debug|Any CPU
		{FE3D1F0C-93B7-4953-9AB9-BA67376E684F}.Release|Any CPU.ActiveCfg = Release|Any CPU
		{FE3D1F0C-93B7-4953-9AB9-BA67376E684F}.Release|Any CPU.Build.0 = Release|Any CPU
	EndGlobalSection
	GlobalSection(SolutionProperties) = preSolution
		HideSolutionNode = FALSE
	EndGlobalSection
	GlobalSection(ExtensibilityGlobals) = postSolution
		SolutionGuid = {55627936-6D04-4095-9AB4-C6C5184D401F}
	EndGlobalSection
EndGlobal
